
Microsoft Visual Studio Solution File, Format Version 12.00
# Visual Studio 15
VisualStudioVersion = 15.0.27130.2036
MinimumVisualStudioVersion = 10.0.40219.1
Project("{9A19103F-16F7-4668-BE54-9A1E7A4F7556}") = "Exebite.JobScheduler", "Exebite.JobScheduler\Exebite.JobScheduler.csproj", "{4AD546C8-6224-466E-AEC6-57FC47AC95F4}"
EndProject
Project("{9A19103F-16F7-4668-BE54-9A1E7A4F7556}") = "Exebite.Business", "Exebite.Business\Exebite.Business.csproj", "{B960306B-C425-430E-BFA3-E8B2AD71D8BD}"
EndProject
Project("{9A19103F-16F7-4668-BE54-9A1E7A4F7556}") = "Exebite.DataAccess", "Exebite.DataAccess\Exebite.DataAccess.csproj", "{8910E895-A3A5-43BE-9B24-5EA4E5D1962C}"
EndProject
Project("{9A19103F-16F7-4668-BE54-9A1E7A4F7556}") = "Exebite.GoogleSheetAPI", "Exebite.GoogleSheetAPI\Exebite.GoogleSheetAPI.csproj", "{8ABB8947-1606-4C1F-81C9-1DE94F80129A}"
EndProject
Project("{9A19103F-16F7-4668-BE54-9A1E7A4F7556}") = "Exebite.GoogleSheetAPI.Test", "Exebite.GoogleSheetAPI.Test\Exebite.GoogleSheetAPI.Test.csproj", "{77D501CE-FD2E-4DC4-AFDE-455D53A790D4}"
EndProject
Project("{9A19103F-16F7-4668-BE54-9A1E7A4F7556}") = "Exebite.API", "Exebite.API\Exebite.API.csproj", "{7477239A-E5F1-428E-98E5-265435C31420}"
EndProject
Project("{9A19103F-16F7-4668-BE54-9A1E7A4F7556}") = "Exebite.Common", "Exebite.Common\Exebite.Common.csproj", "{F8959F30-89F7-47A8-88AB-2B6910379EB0}"
EndProject
Project("{9A19103F-16F7-4668-BE54-9A1E7A4F7556}") = "Exebite.DomainModel", "Exebite.DomainModel\Exebite.DomainModel.csproj", "{2BCCE591-A7B4-4806-9A05-E1188388EADF}"
EndProject
Project("{9A19103F-16F7-4668-BE54-9A1E7A4F7556}") = "Exebite.DataAccess.Test", "Exebite.DataAccess.Test\Exebite.DataAccess.Test.csproj", "{9EF38246-3DF8-4E74-94BA-4ED8F60DDC4B}"
EndProject
Project("{FAE04EC0-301F-11D3-BF4B-00C04F79EFBC}") = "Option", "Option\Option.csproj", "{9F2F112C-0D22-4438-9B4B-84CA6D955D4C}"
EndProject
Project("{FAE04EC0-301F-11D3-BF4B-00C04F79EFBC}") = "Either", "Either\Either.csproj", "{2D6CAC34-D030-4774-BECA-6BB80B0E8165}"
EndProject
Project("{FAE04EC0-301F-11D3-BF4B-00C04F79EFBC}") = "FeatureTestingConsole", "FeatureTestingConsole\FeatureTestingConsole.csproj", "{DB0F2887-CD3D-4AF9-83C2-23791D7BA8B7}"
EndProject
Global
	GlobalSection(SolutionConfigurationPlatforms) = preSolution
		Debug|Any CPU = Debug|Any CPU
		Release|Any CPU = Release|Any CPU
	EndGlobalSection
	GlobalSection(ProjectConfigurationPlatforms) = postSolution
		{4AD546C8-6224-466E-AEC6-57FC47AC95F4}.Debug|Any CPU.ActiveCfg = Debug|Any CPU
		{4AD546C8-6224-466E-AEC6-57FC47AC95F4}.Debug|Any CPU.Build.0 = Debug|Any CPU
		{4AD546C8-6224-466E-AEC6-57FC47AC95F4}.Release|Any CPU.ActiveCfg = Release|Any CPU
		{4AD546C8-6224-466E-AEC6-57FC47AC95F4}.Release|Any CPU.Build.0 = Release|Any CPU
		{B960306B-C425-430E-BFA3-E8B2AD71D8BD}.Debug|Any CPU.ActiveCfg = Debug|Any CPU
		{B960306B-C425-430E-BFA3-E8B2AD71D8BD}.Debug|Any CPU.Build.0 = Debug|Any CPU
		{B960306B-C425-430E-BFA3-E8B2AD71D8BD}.Release|Any CPU.ActiveCfg = Release|Any CPU
		{B960306B-C425-430E-BFA3-E8B2AD71D8BD}.Release|Any CPU.Build.0 = Release|Any CPU
		{8910E895-A3A5-43BE-9B24-5EA4E5D1962C}.Debug|Any CPU.ActiveCfg = Debug|Any CPU
		{8910E895-A3A5-43BE-9B24-5EA4E5D1962C}.Debug|Any CPU.Build.0 = Debug|Any CPU
		{8910E895-A3A5-43BE-9B24-5EA4E5D1962C}.Release|Any CPU.ActiveCfg = Release|Any CPU
		{8910E895-A3A5-43BE-9B24-5EA4E5D1962C}.Release|Any CPU.Build.0 = Release|Any CPU
		{8ABB8947-1606-4C1F-81C9-1DE94F80129A}.Debug|Any CPU.ActiveCfg = Debug|Any CPU
		{8ABB8947-1606-4C1F-81C9-1DE94F80129A}.Debug|Any CPU.Build.0 = Debug|Any CPU
		{8ABB8947-1606-4C1F-81C9-1DE94F80129A}.Release|Any CPU.ActiveCfg = Release|Any CPU
		{8ABB8947-1606-4C1F-81C9-1DE94F80129A}.Release|Any CPU.Build.0 = Release|Any CPU
		{77D501CE-FD2E-4DC4-AFDE-455D53A790D4}.Debug|Any CPU.ActiveCfg = Debug|Any CPU
		{77D501CE-FD2E-4DC4-AFDE-455D53A790D4}.Debug|Any CPU.Build.0 = Debug|Any CPU
		{77D501CE-FD2E-4DC4-AFDE-455D53A790D4}.Release|Any CPU.ActiveCfg = Release|Any CPU
		{77D501CE-FD2E-4DC4-AFDE-455D53A790D4}.Release|Any CPU.Build.0 = Release|Any CPU
		{7477239A-E5F1-428E-98E5-265435C31420}.Debug|Any CPU.ActiveCfg = Debug|Any CPU
		{7477239A-E5F1-428E-98E5-265435C31420}.Debug|Any CPU.Build.0 = Debug|Any CPU
		{7477239A-E5F1-428E-98E5-265435C31420}.Release|Any CPU.ActiveCfg = Release|Any CPU
		{7477239A-E5F1-428E-98E5-265435C31420}.Release|Any CPU.Build.0 = Release|Any CPU
		{F8959F30-89F7-47A8-88AB-2B6910379EB0}.Debug|Any CPU.ActiveCfg = Debug|Any CPU
		{F8959F30-89F7-47A8-88AB-2B6910379EB0}.Debug|Any CPU.Build.0 = Debug|Any CPU
		{F8959F30-89F7-47A8-88AB-2B6910379EB0}.Release|Any CPU.ActiveCfg = Release|Any CPU
		{F8959F30-89F7-47A8-88AB-2B6910379EB0}.Release|Any CPU.Build.0 = Release|Any CPU
		{2BCCE591-A7B4-4806-9A05-E1188388EADF}.Debug|Any CPU.ActiveCfg = Debug|Any CPU
		{2BCCE591-A7B4-4806-9A05-E1188388EADF}.Debug|Any CPU.Build.0 = Debug|Any CPU
		{2BCCE591-A7B4-4806-9A05-E1188388EADF}.Release|Any CPU.ActiveCfg = Release|Any CPU
		{2BCCE591-A7B4-4806-9A05-E1188388EADF}.Release|Any CPU.Build.0 = Release|Any CPU
		{9EF38246-3DF8-4E74-94BA-4ED8F60DDC4B}.Debug|Any CPU.ActiveCfg = Debug|Any CPU
		{9EF38246-3DF8-4E74-94BA-4ED8F60DDC4B}.Debug|Any CPU.Build.0 = Debug|Any CPU
		{9EF38246-3DF8-4E74-94BA-4ED8F60DDC4B}.Release|Any CPU.ActiveCfg = Release|Any CPU
		{9EF38246-3DF8-4E74-94BA-4ED8F60DDC4B}.Release|Any CPU.Build.0 = Release|Any CPU
		{DB0F2887-CD3D-4AF9-83C2-23791D7BA8B7}.Debug|Any CPU.ActiveCfg = Debug|Any CPU
		{DB0F2887-CD3D-4AF9-83C2-23791D7BA8B7}.Debug|Any CPU.Build.0 = Debug|Any CPU
		{DB0F2887-CD3D-4AF9-83C2-23791D7BA8B7}.Release|Any CPU.ActiveCfg = Release|Any CPU
		{DB0F2887-CD3D-4AF9-83C2-23791D7BA8B7}.Release|Any CPU.Build.0 = Release|Any CPU
		{9F2F112C-0D22-4438-9B4B-84CA6D955D4C}.Debug|Any CPU.ActiveCfg = Debug|Any CPU
		{9F2F112C-0D22-4438-9B4B-84CA6D955D4C}.Debug|Any CPU.Build.0 = Debug|Any CPU
		{9F2F112C-0D22-4438-9B4B-84CA6D955D4C}.Release|Any CPU.ActiveCfg = Release|Any CPU
		{9F2F112C-0D22-4438-9B4B-84CA6D955D4C}.Release|Any CPU.Build.0 = Release|Any CPU
		{2D6CAC34-D030-4774-BECA-6BB80B0E8165}.Debug|Any CPU.ActiveCfg = Debug|Any CPU
		{2D6CAC34-D030-4774-BECA-6BB80B0E8165}.Debug|Any CPU.Build.0 = Debug|Any CPU
		{2D6CAC34-D030-4774-BECA-6BB80B0E8165}.Release|Any CPU.ActiveCfg = Release|Any CPU
		{2D6CAC34-D030-4774-BECA-6BB80B0E8165}.Release|Any CPU.Build.0 = Release|Any CPU
	EndGlobalSection
	GlobalSection(SolutionProperties) = preSolution
		HideSolutionNode = FALSE
	EndGlobalSection
	GlobalSection(ExtensibilityGlobals) = postSolution
		SolutionGuid = {9631173F-68BC-4A5E-A5AA-D641BFE32333}
	EndGlobalSection
EndGlobal
