
Microsoft Visual Studio Solution File, Format Version 12.00
# Visual Studio Version 16
VisualStudioVersion = 16.0.29728.190
MinimumVisualStudioVersion = 10.0.40219.1
Project("{9A19103F-16F7-4668-BE54-9A1E7A4F7556}") = "Exebite.JobScheduler", "Exebite.JobScheduler\Exebite.JobScheduler.csproj", "{32A44536-B827-45E2-9C4E-1719F650EC00}"
EndProject
Project("{9A19103F-16F7-4668-BE54-9A1E7A4F7556}") = "Exebite.Business", "Exebite.Business\Exebite.Business.csproj", "{793BAD94-183B-4205-A96B-F3C07E0F4CA2}"
EndProject
Project("{9A19103F-16F7-4668-BE54-9A1E7A4F7556}") = "Exebite.DataAccess", "Exebite.DataAccess\Exebite.DataAccess.csproj", "{A5350DAF-D420-45F8-AF9D-15E39F73CAF3}"
EndProject
Project("{9A19103F-16F7-4668-BE54-9A1E7A4F7556}") = "Exebite.GoogleSheetAPI", "Exebite.GoogleSheetAPI\Exebite.GoogleSheetAPI.csproj", "{FF5343EC-0943-4E21-A7F5-FBECA906712B}"
EndProject
Project("{9A19103F-16F7-4668-BE54-9A1E7A4F7556}") = "Exebite.API", "Exebite.API\Exebite.API.csproj", "{66335B8E-B16A-45E9-BBE8-E070F019E99D}"
EndProject
Project("{9A19103F-16F7-4668-BE54-9A1E7A4F7556}") = "Exebite.Common", "Exebite.Common\Exebite.Common.csproj", "{79DB5C3E-8DC0-40B4-BA35-6E934BBB10D7}"
EndProject
Project("{9A19103F-16F7-4668-BE54-9A1E7A4F7556}") = "Exebite.DomainModel", "Exebite.DomainModel\Exebite.DomainModel.csproj", "{38484CA6-6F6C-40CC-8AD9-215D13CCBEC9}"
EndProject
Project("{9A19103F-16F7-4668-BE54-9A1E7A4F7556}") = "Option", "Option\Option.csproj", "{7AB6408A-9966-4E72-9F2C-A777667CBE6C}"
EndProject
Project("{9A19103F-16F7-4668-BE54-9A1E7A4F7556}") = "Either", "Either\Either.csproj", "{27CAAD8E-8CFF-4A15-A618-5822EA65081B}"
EndProject
Project("{9A19103F-16F7-4668-BE54-9A1E7A4F7556}") = "FeatureTestingConsole", "FeatureTestingConsole\FeatureTestingConsole.csproj", "{37FB83A2-23C2-4ECF-A42D-F18714AF27AE}"
EndProject
Project("{2150E333-8FDC-42A3-9474-1A3956D46DE8}") = "Test", "Test", "{1EB03BEB-5451-494D-B322-977DD9844BF0}"
EndProject
Project("{9A19103F-16F7-4668-BE54-9A1E7A4F7556}") = "Exebite.DataAccess.Test", "Test\Exebite.DataAccess.Test\Exebite.DataAccess.Test.csproj", "{49137C9E-031B-40C6-BB59-C2EDAAEA5BFA}"
EndProject
Project("{9A19103F-16F7-4668-BE54-9A1E7A4F7556}") = "TestExtension", "Test\TestExtension\TestExtension.csproj", "{145A0096-1F47-4A72-AFA5-55ADF10A054D}"
EndProject
Project("{9A19103F-16F7-4668-BE54-9A1E7A4F7556}") = "Exebite.Converters", "Exebite.Converters\Exebite.Converters.csproj", "{A3C1CF39-C91C-4D14-8ED8-3FCFEA9223C2}"
EndProject
Project("{9A19103F-16F7-4668-BE54-9A1E7A4F7556}") = "Exebite.DtoModels", "Exebite.DtoModels\Exebite.DtoModels.csproj", "{B22F11C1-B719-447F-83E3-76C61A032609}"
EndProject
Project("{9A19103F-16F7-4668-BE54-9A1E7A4F7556}") = "Common.Test", "Test\Common.Test\Common.Test.csproj", "{F0054AAA-9C3B-460D-8057-0B5CD47D8309}"
EndProject
Project("{9A19103F-16F7-4668-BE54-9A1E7A4F7556}") = "Exebite.Converters.Test", "Test\Exebite.Converters.Test\Exebite.Converters.Test.csproj", "{9607D27F-C5DB-4467-8B64-9B18B70350E9}"
EndProject
Project("{9A19103F-16F7-4668-BE54-9A1E7A4F7556}") = "Exebite.Mappings.Test", "Test\Exebite.Mappings.Test\Exebite.Mappings.Test.csproj", "{00081329-C43D-48B9-BA05-609095D4D070}"
EndProject
Project("{9A19103F-16F7-4668-BE54-9A1E7A4F7556}") = "Exebite.IdentityServer", "Exebite.IdentityServer\Exebite.IdentityServer.csproj", "{35E47EA5-4C8D-4D68-B11B-D07E14947307}"
EndProject
Global
	GlobalSection(SolutionConfigurationPlatforms) = preSolution
		Debug|Any CPU = Debug|Any CPU
		Release|Any CPU = Release|Any CPU
	EndGlobalSection
	GlobalSection(ProjectConfigurationPlatforms) = postSolution
		{32A44536-B827-45E2-9C4E-1719F650EC00}.Debug|Any CPU.ActiveCfg = Debug|Any CPU
		{32A44536-B827-45E2-9C4E-1719F650EC00}.Debug|Any CPU.Build.0 = Debug|Any CPU
		{32A44536-B827-45E2-9C4E-1719F650EC00}.Release|Any CPU.ActiveCfg = Release|Any CPU
		{32A44536-B827-45E2-9C4E-1719F650EC00}.Release|Any CPU.Build.0 = Release|Any CPU
		{793BAD94-183B-4205-A96B-F3C07E0F4CA2}.Debug|Any CPU.ActiveCfg = Debug|Any CPU
		{793BAD94-183B-4205-A96B-F3C07E0F4CA2}.Debug|Any CPU.Build.0 = Debug|Any CPU
		{793BAD94-183B-4205-A96B-F3C07E0F4CA2}.Release|Any CPU.ActiveCfg = Release|Any CPU
		{793BAD94-183B-4205-A96B-F3C07E0F4CA2}.Release|Any CPU.Build.0 = Release|Any CPU
		{A5350DAF-D420-45F8-AF9D-15E39F73CAF3}.Debug|Any CPU.ActiveCfg = Debug|Any CPU
		{A5350DAF-D420-45F8-AF9D-15E39F73CAF3}.Debug|Any CPU.Build.0 = Debug|Any CPU
		{A5350DAF-D420-45F8-AF9D-15E39F73CAF3}.Release|Any CPU.ActiveCfg = Release|Any CPU
		{A5350DAF-D420-45F8-AF9D-15E39F73CAF3}.Release|Any CPU.Build.0 = Release|Any CPU
		{FF5343EC-0943-4E21-A7F5-FBECA906712B}.Debug|Any CPU.ActiveCfg = Debug|Any CPU
		{FF5343EC-0943-4E21-A7F5-FBECA906712B}.Debug|Any CPU.Build.0 = Debug|Any CPU
		{FF5343EC-0943-4E21-A7F5-FBECA906712B}.Release|Any CPU.ActiveCfg = Release|Any CPU
		{FF5343EC-0943-4E21-A7F5-FBECA906712B}.Release|Any CPU.Build.0 = Release|Any CPU
		{66335B8E-B16A-45E9-BBE8-E070F019E99D}.Debug|Any CPU.ActiveCfg = Debug|Any CPU
		{66335B8E-B16A-45E9-BBE8-E070F019E99D}.Debug|Any CPU.Build.0 = Debug|Any CPU
		{66335B8E-B16A-45E9-BBE8-E070F019E99D}.Release|Any CPU.ActiveCfg = Release|Any CPU
		{66335B8E-B16A-45E9-BBE8-E070F019E99D}.Release|Any CPU.Build.0 = Release|Any CPU
		{79DB5C3E-8DC0-40B4-BA35-6E934BBB10D7}.Debug|Any CPU.ActiveCfg = Debug|Any CPU
		{79DB5C3E-8DC0-40B4-BA35-6E934BBB10D7}.Debug|Any CPU.Build.0 = Debug|Any CPU
		{79DB5C3E-8DC0-40B4-BA35-6E934BBB10D7}.Release|Any CPU.ActiveCfg = Release|Any CPU
		{79DB5C3E-8DC0-40B4-BA35-6E934BBB10D7}.Release|Any CPU.Build.0 = Release|Any CPU
		{38484CA6-6F6C-40CC-8AD9-215D13CCBEC9}.Debug|Any CPU.ActiveCfg = Debug|Any CPU
		{38484CA6-6F6C-40CC-8AD9-215D13CCBEC9}.Debug|Any CPU.Build.0 = Debug|Any CPU
		{38484CA6-6F6C-40CC-8AD9-215D13CCBEC9}.Release|Any CPU.ActiveCfg = Release|Any CPU
		{38484CA6-6F6C-40CC-8AD9-215D13CCBEC9}.Release|Any CPU.Build.0 = Release|Any CPU
		{7AB6408A-9966-4E72-9F2C-A777667CBE6C}.Debug|Any CPU.ActiveCfg = Debug|Any CPU
		{7AB6408A-9966-4E72-9F2C-A777667CBE6C}.Debug|Any CPU.Build.0 = Debug|Any CPU
		{7AB6408A-9966-4E72-9F2C-A777667CBE6C}.Release|Any CPU.ActiveCfg = Release|Any CPU
		{7AB6408A-9966-4E72-9F2C-A777667CBE6C}.Release|Any CPU.Build.0 = Release|Any CPU
		{27CAAD8E-8CFF-4A15-A618-5822EA65081B}.Debug|Any CPU.ActiveCfg = Debug|Any CPU
		{27CAAD8E-8CFF-4A15-A618-5822EA65081B}.Debug|Any CPU.Build.0 = Debug|Any CPU
		{27CAAD8E-8CFF-4A15-A618-5822EA65081B}.Release|Any CPU.ActiveCfg = Release|Any CPU
		{27CAAD8E-8CFF-4A15-A618-5822EA65081B}.Release|Any CPU.Build.0 = Release|Any CPU
		{37FB83A2-23C2-4ECF-A42D-F18714AF27AE}.Debug|Any CPU.ActiveCfg = Debug|Any CPU
		{37FB83A2-23C2-4ECF-A42D-F18714AF27AE}.Debug|Any CPU.Build.0 = Debug|Any CPU
		{37FB83A2-23C2-4ECF-A42D-F18714AF27AE}.Release|Any CPU.ActiveCfg = Release|Any CPU
		{37FB83A2-23C2-4ECF-A42D-F18714AF27AE}.Release|Any CPU.Build.0 = Release|Any CPU
		{49137C9E-031B-40C6-BB59-C2EDAAEA5BFA}.Debug|Any CPU.ActiveCfg = Debug|Any CPU
		{49137C9E-031B-40C6-BB59-C2EDAAEA5BFA}.Debug|Any CPU.Build.0 = Debug|Any CPU
		{49137C9E-031B-40C6-BB59-C2EDAAEA5BFA}.Release|Any CPU.ActiveCfg = Release|Any CPU
		{49137C9E-031B-40C6-BB59-C2EDAAEA5BFA}.Release|Any CPU.Build.0 = Release|Any CPU
		{145A0096-1F47-4A72-AFA5-55ADF10A054D}.Debug|Any CPU.ActiveCfg = Debug|Any CPU
		{145A0096-1F47-4A72-AFA5-55ADF10A054D}.Debug|Any CPU.Build.0 = Debug|Any CPU
		{145A0096-1F47-4A72-AFA5-55ADF10A054D}.Release|Any CPU.ActiveCfg = Release|Any CPU
		{145A0096-1F47-4A72-AFA5-55ADF10A054D}.Release|Any CPU.Build.0 = Release|Any CPU
		{A3C1CF39-C91C-4D14-8ED8-3FCFEA9223C2}.Debug|Any CPU.ActiveCfg = Debug|Any CPU
		{A3C1CF39-C91C-4D14-8ED8-3FCFEA9223C2}.Debug|Any CPU.Build.0 = Debug|Any CPU
		{A3C1CF39-C91C-4D14-8ED8-3FCFEA9223C2}.Release|Any CPU.ActiveCfg = Release|Any CPU
		{A3C1CF39-C91C-4D14-8ED8-3FCFEA9223C2}.Release|Any CPU.Build.0 = Release|Any CPU
		{B22F11C1-B719-447F-83E3-76C61A032609}.Debug|Any CPU.ActiveCfg = Debug|Any CPU
		{B22F11C1-B719-447F-83E3-76C61A032609}.Debug|Any CPU.Build.0 = Debug|Any CPU
		{B22F11C1-B719-447F-83E3-76C61A032609}.Release|Any CPU.ActiveCfg = Release|Any CPU
		{B22F11C1-B719-447F-83E3-76C61A032609}.Release|Any CPU.Build.0 = Release|Any CPU
		{F0054AAA-9C3B-460D-8057-0B5CD47D8309}.Debug|Any CPU.ActiveCfg = Debug|Any CPU
		{F0054AAA-9C3B-460D-8057-0B5CD47D8309}.Debug|Any CPU.Build.0 = Debug|Any CPU
		{F0054AAA-9C3B-460D-8057-0B5CD47D8309}.Release|Any CPU.ActiveCfg = Release|Any CPU
		{F0054AAA-9C3B-460D-8057-0B5CD47D8309}.Release|Any CPU.Build.0 = Release|Any CPU
		{9607D27F-C5DB-4467-8B64-9B18B70350E9}.Debug|Any CPU.ActiveCfg = Debug|Any CPU
		{9607D27F-C5DB-4467-8B64-9B18B70350E9}.Debug|Any CPU.Build.0 = Debug|Any CPU
		{9607D27F-C5DB-4467-8B64-9B18B70350E9}.Release|Any CPU.ActiveCfg = Release|Any CPU
		{9607D27F-C5DB-4467-8B64-9B18B70350E9}.Release|Any CPU.Build.0 = Release|Any CPU
		{00081329-C43D-48B9-BA05-609095D4D070}.Debug|Any CPU.ActiveCfg = Debug|Any CPU
		{00081329-C43D-48B9-BA05-609095D4D070}.Debug|Any CPU.Build.0 = Debug|Any CPU
		{00081329-C43D-48B9-BA05-609095D4D070}.Release|Any CPU.ActiveCfg = Release|Any CPU
		{00081329-C43D-48B9-BA05-609095D4D070}.Release|Any CPU.Build.0 = Release|Any CPU
		{35E47EA5-4C8D-4D68-B11B-D07E14947307}.Debug|Any CPU.ActiveCfg = Debug|Any CPU
		{35E47EA5-4C8D-4D68-B11B-D07E14947307}.Debug|Any CPU.Build.0 = Debug|Any CPU
		{35E47EA5-4C8D-4D68-B11B-D07E14947307}.Release|Any CPU.ActiveCfg = Release|Any CPU
		{35E47EA5-4C8D-4D68-B11B-D07E14947307}.Release|Any CPU.Build.0 = Release|Any CPU
	EndGlobalSection
	GlobalSection(SolutionProperties) = preSolution
		HideSolutionNode = FALSE
	EndGlobalSection
	GlobalSection(NestedProjects) = preSolution
		{49137C9E-031B-40C6-BB59-C2EDAAEA5BFA} = {1EB03BEB-5451-494D-B322-977DD9844BF0}
		{145A0096-1F47-4A72-AFA5-55ADF10A054D} = {1EB03BEB-5451-494D-B322-977DD9844BF0}
		{F0054AAA-9C3B-460D-8057-0B5CD47D8309} = {1EB03BEB-5451-494D-B322-977DD9844BF0}
		{9607D27F-C5DB-4467-8B64-9B18B70350E9} = {1EB03BEB-5451-494D-B322-977DD9844BF0}
		{00081329-C43D-48B9-BA05-609095D4D070} = {1EB03BEB-5451-494D-B322-977DD9844BF0}
	EndGlobalSection
	GlobalSection(ExtensibilityGlobals) = postSolution
		SolutionGuid = {9631173F-68BC-4A5E-A5AA-D641BFE32333}
	EndGlobalSection
EndGlobal
