
Microsoft Visual Studio Solution File, Format Version 12.00
# Visual Studio 15
VisualStudioVersion = 15.0.27130.2036
MinimumVisualStudioVersion = 10.0.40219.1
Project("{9A19103F-16F7-4668-BE54-9A1E7A4F7556}") = "Exebite.JobScheduler", "Exebite.JobScheduler\Exebite.JobScheduler.csproj", "{4AD546C8-6224-466E-AEC6-57FC47AC95F4}"
EndProject
Project("{9A19103F-16F7-4668-BE54-9A1E7A4F7556}") = "Exebite.Business", "Exebite.Business\Exebite.Business.csproj", "{B960306B-C425-430E-BFA3-E8B2AD71D8BD}"
EndProject
Project("{9A19103F-16F7-4668-BE54-9A1E7A4F7556}") = "Exebite.DataAccess", "Exebite.DataAccess\Exebite.DataAccess.csproj", "{8910E895-A3A5-43BE-9B24-5EA4E5D1962C}"
EndProject
Project("{9A19103F-16F7-4668-BE54-9A1E7A4F7556}") = "Exebite.GoogleSheetAPI", "Exebite.GoogleSheetAPI\Exebite.GoogleSheetAPI.csproj", "{8ABB8947-1606-4C1F-81C9-1DE94F80129A}"
EndProject
Project("{9A19103F-16F7-4668-BE54-9A1E7A4F7556}") = "Exebite.API", "Exebite.API\Exebite.API.csproj", "{7477239A-E5F1-428E-98E5-265435C31420}"
EndProject
Project("{9A19103F-16F7-4668-BE54-9A1E7A4F7556}") = "Exebite.Common", "Exebite.Common\Exebite.Common.csproj", "{F8959F30-89F7-47A8-88AB-2B6910379EB0}"
EndProject
Project("{9A19103F-16F7-4668-BE54-9A1E7A4F7556}") = "Exebite.DomainModel", "Exebite.DomainModel\Exebite.DomainModel.csproj", "{2BCCE591-A7B4-4806-9A05-E1188388EADF}"
EndProject
Project("{9A19103F-16F7-4668-BE54-9A1E7A4F7556}") = "Option", "Option\Option.csproj", "{9F2F112C-0D22-4438-9B4B-84CA6D955D4C}"
EndProject
Project("{9A19103F-16F7-4668-BE54-9A1E7A4F7556}") = "Either", "Either\Either.csproj", "{2D6CAC34-D030-4774-BECA-6BB80B0E8165}"
EndProject
Project("{9A19103F-16F7-4668-BE54-9A1E7A4F7556}") = "FeatureTestingConsole", "FeatureTestingConsole\FeatureTestingConsole.csproj", "{DB0F2887-CD3D-4AF9-83C2-23791D7BA8B7}"
EndProject
Project("{2150E333-8FDC-42A3-9474-1A3956D46DE8}") = "Test", "Test", "{1EB03BEB-5451-494D-B322-977DD9844BF0}"
EndProject
Project("{9A19103F-16F7-4668-BE54-9A1E7A4F7556}") = "Exebite.DataAccess.Test", "Test\Exebite.DataAccess.Test\Exebite.DataAccess.Test.csproj", "{FAE19BE9-4A0E-442C-8AB2-264DD15619A3}"
EndProject
Project("{9A19103F-16F7-4668-BE54-9A1E7A4F7556}") = "Exebite.GoogleSheetAPI.Test", "Test\Exebite.GoogleSheetAPI.Test\Exebite.GoogleSheetAPI.Test.csproj", "{2B50BDD3-EE6A-4762-B0E2-B6CFA1CAB510}"
EndProject
Project("{9A19103F-16F7-4668-BE54-9A1E7A4F7556}") = "TestExtension", "Test\TestExtension\TestExtension.csproj", "{7A7217D1-9C57-4CD0-B575-AD4C73D4F607}"
EndProject
Project("{9A19103F-16F7-4668-BE54-9A1E7A4F7556}") = "Mappings.Test", "Test\Mappings.Test\Mappings.Test.csproj", "{C01FB3BB-A54D-4C2E-8B11-F9CFDC51EDE4}"
EndProject
Project("{9A19103F-16F7-4668-BE54-9A1E7A4F7556}") = "Exebite.Converters", "Exebite.Converters\Exebite.Converters.csproj", "{31689F22-155D-4917-87C0-40F0C000ADD3}"
EndProject
Project("{9A19103F-16F7-4668-BE54-9A1E7A4F7556}") = "Exebite.Converters.Test", "Exebite.Converters.Test\Exebite.Converters.Test.csproj", "{ADC20FE6-E4E1-42CC-8F31-9CCDEDC23BF5}"
EndProject
Project("{9A19103F-16F7-4668-BE54-9A1E7A4F7556}") = "WebClient", "WebClient\WebClient.csproj", "{DEF1A60C-567D-455C-A5AF-0719B870A720}"
EndProject
Project("{9A19103F-16F7-4668-BE54-9A1E7A4F7556}") = "Exebite.DtoModels", "Exebite.DtoModels\Exebite.DtoModels.csproj", "{0C52C713-E727-42BE-A42C-B3F3DF4D2958}"
EndProject
Project("{2150E333-8FDC-42A3-9474-1A3956D46DE8}") = "ExeBite.Sheets", "ExeBite.Sheets", "{B7FBF2E6-A8B7-4318-B2FB-004822866738}"
EndProject
Project("{9A19103F-16F7-4668-BE54-9A1E7A4F7556}") = "ExeBite.Sheets.Common", "ExeBite.Sheets\ExeBite.Sheets.Common\ExeBite.Sheets.Common.csproj", "{3D7C63A4-A1E2-41BC-9D13-D48D5EAB0123}"
EndProject
Project("{9A19103F-16F7-4668-BE54-9A1E7A4F7556}") = "ExeBite.Sheets.Reader", "ExeBite.Sheets\Exebite.Sheets.Reader\ExeBite.Sheets.Reader.csproj", "{A5AE1530-D5FF-475D-8515-F81122569691}"
EndProject
Project("{9A19103F-16F7-4668-BE54-9A1E7A4F7556}") = "SheetsConsoleDebug", "ExeBite.Sheets\ConsoleDebug\SheetsConsoleDebug.csproj", "{74C962E8-F000-48D3-A869-51DFC3DD0670}"
EndProject
Project("{9A19103F-16F7-4668-BE54-9A1E7A4F7556}") = "ExeBite.Sheets.Hedone", "ExeBite.Sheets\ExeBite.Sheets.Hedone\ExeBite.Sheets.Hedone.csproj", "{34575257-EDFA-486A-99DB-14951D6DB457}"
EndProject
Project("{9A19103F-16F7-4668-BE54-9A1E7A4F7556}") = "ExeBite.Sheets.Index", "ExeBite.Sheets\ExeBite.Sheets.Index\ExeBite.Sheets.Index.csproj", "{740243D3-BA7A-45E3-AEC9-6E531ADC374B}"
EndProject
Project("{9A19103F-16F7-4668-BE54-9A1E7A4F7556}") = "ExeBite.Sheets.PodLipom", "ExeBite.Sheets\ExeBite.Sheets.PodLipom\ExeBite.Sheets.PodLipom.csproj", "{28746679-0A13-4F12-9CCB-5F3CBC31A90B}"
EndProject
Project("{9A19103F-16F7-4668-BE54-9A1E7A4F7556}") = "ExeBite.Sheets.Teglas", "ExeBite.Sheets\ExeBite.Sheets.Teglas\ExeBite.Sheets.Teglas.csproj", "{EF25B8F4-E03B-4E15-9305-7552AC1C663E}"
EndProject
Global
	GlobalSection(SolutionConfigurationPlatforms) = preSolution
		Debug|Any CPU = Debug|Any CPU
		Release|Any CPU = Release|Any CPU
	EndGlobalSection
	GlobalSection(ProjectConfigurationPlatforms) = postSolution
		{4AD546C8-6224-466E-AEC6-57FC47AC95F4}.Debug|Any CPU.ActiveCfg = Debug|Any CPU
		{4AD546C8-6224-466E-AEC6-57FC47AC95F4}.Debug|Any CPU.Build.0 = Debug|Any CPU
		{4AD546C8-6224-466E-AEC6-57FC47AC95F4}.Release|Any CPU.ActiveCfg = Release|Any CPU
		{4AD546C8-6224-466E-AEC6-57FC47AC95F4}.Release|Any CPU.Build.0 = Release|Any CPU
		{B960306B-C425-430E-BFA3-E8B2AD71D8BD}.Debug|Any CPU.ActiveCfg = Debug|Any CPU
		{B960306B-C425-430E-BFA3-E8B2AD71D8BD}.Debug|Any CPU.Build.0 = Debug|Any CPU
		{B960306B-C425-430E-BFA3-E8B2AD71D8BD}.Release|Any CPU.ActiveCfg = Release|Any CPU
		{B960306B-C425-430E-BFA3-E8B2AD71D8BD}.Release|Any CPU.Build.0 = Release|Any CPU
		{8910E895-A3A5-43BE-9B24-5EA4E5D1962C}.Debug|Any CPU.ActiveCfg = Debug|Any CPU
		{8910E895-A3A5-43BE-9B24-5EA4E5D1962C}.Debug|Any CPU.Build.0 = Debug|Any CPU
		{8910E895-A3A5-43BE-9B24-5EA4E5D1962C}.Release|Any CPU.ActiveCfg = Release|Any CPU
		{8910E895-A3A5-43BE-9B24-5EA4E5D1962C}.Release|Any CPU.Build.0 = Release|Any CPU
		{8ABB8947-1606-4C1F-81C9-1DE94F80129A}.Debug|Any CPU.ActiveCfg = Debug|Any CPU
		{8ABB8947-1606-4C1F-81C9-1DE94F80129A}.Debug|Any CPU.Build.0 = Debug|Any CPU
		{8ABB8947-1606-4C1F-81C9-1DE94F80129A}.Release|Any CPU.ActiveCfg = Release|Any CPU
		{8ABB8947-1606-4C1F-81C9-1DE94F80129A}.Release|Any CPU.Build.0 = Release|Any CPU
		{7477239A-E5F1-428E-98E5-265435C31420}.Debug|Any CPU.ActiveCfg = Debug|Any CPU
		{7477239A-E5F1-428E-98E5-265435C31420}.Debug|Any CPU.Build.0 = Debug|Any CPU
		{7477239A-E5F1-428E-98E5-265435C31420}.Release|Any CPU.ActiveCfg = Release|Any CPU
		{7477239A-E5F1-428E-98E5-265435C31420}.Release|Any CPU.Build.0 = Release|Any CPU
		{F8959F30-89F7-47A8-88AB-2B6910379EB0}.Debug|Any CPU.ActiveCfg = Debug|Any CPU
		{F8959F30-89F7-47A8-88AB-2B6910379EB0}.Debug|Any CPU.Build.0 = Debug|Any CPU
		{F8959F30-89F7-47A8-88AB-2B6910379EB0}.Release|Any CPU.ActiveCfg = Release|Any CPU
		{F8959F30-89F7-47A8-88AB-2B6910379EB0}.Release|Any CPU.Build.0 = Release|Any CPU
		{2BCCE591-A7B4-4806-9A05-E1188388EADF}.Debug|Any CPU.ActiveCfg = Debug|Any CPU
		{2BCCE591-A7B4-4806-9A05-E1188388EADF}.Debug|Any CPU.Build.0 = Debug|Any CPU
		{2BCCE591-A7B4-4806-9A05-E1188388EADF}.Release|Any CPU.ActiveCfg = Release|Any CPU
		{2BCCE591-A7B4-4806-9A05-E1188388EADF}.Release|Any CPU.Build.0 = Release|Any CPU
		{9F2F112C-0D22-4438-9B4B-84CA6D955D4C}.Debug|Any CPU.ActiveCfg = Debug|Any CPU
		{9F2F112C-0D22-4438-9B4B-84CA6D955D4C}.Debug|Any CPU.Build.0 = Debug|Any CPU
		{9F2F112C-0D22-4438-9B4B-84CA6D955D4C}.Release|Any CPU.ActiveCfg = Release|Any CPU
		{9F2F112C-0D22-4438-9B4B-84CA6D955D4C}.Release|Any CPU.Build.0 = Release|Any CPU
		{2D6CAC34-D030-4774-BECA-6BB80B0E8165}.Debug|Any CPU.ActiveCfg = Debug|Any CPU
		{2D6CAC34-D030-4774-BECA-6BB80B0E8165}.Debug|Any CPU.Build.0 = Debug|Any CPU
		{2D6CAC34-D030-4774-BECA-6BB80B0E8165}.Release|Any CPU.ActiveCfg = Release|Any CPU
		{2D6CAC34-D030-4774-BECA-6BB80B0E8165}.Release|Any CPU.Build.0 = Release|Any CPU
		{DB0F2887-CD3D-4AF9-83C2-23791D7BA8B7}.Debug|Any CPU.ActiveCfg = Debug|Any CPU
		{DB0F2887-CD3D-4AF9-83C2-23791D7BA8B7}.Debug|Any CPU.Build.0 = Debug|Any CPU
		{DB0F2887-CD3D-4AF9-83C2-23791D7BA8B7}.Release|Any CPU.ActiveCfg = Release|Any CPU
		{DB0F2887-CD3D-4AF9-83C2-23791D7BA8B7}.Release|Any CPU.Build.0 = Release|Any CPU
		{FAE19BE9-4A0E-442C-8AB2-264DD15619A3}.Debug|Any CPU.ActiveCfg = Debug|Any CPU
		{FAE19BE9-4A0E-442C-8AB2-264DD15619A3}.Debug|Any CPU.Build.0 = Debug|Any CPU
		{FAE19BE9-4A0E-442C-8AB2-264DD15619A3}.Release|Any CPU.ActiveCfg = Release|Any CPU
		{FAE19BE9-4A0E-442C-8AB2-264DD15619A3}.Release|Any CPU.Build.0 = Release|Any CPU
		{2B50BDD3-EE6A-4762-B0E2-B6CFA1CAB510}.Debug|Any CPU.ActiveCfg = Debug|Any CPU
		{2B50BDD3-EE6A-4762-B0E2-B6CFA1CAB510}.Debug|Any CPU.Build.0 = Debug|Any CPU
		{2B50BDD3-EE6A-4762-B0E2-B6CFA1CAB510}.Release|Any CPU.ActiveCfg = Release|Any CPU
		{2B50BDD3-EE6A-4762-B0E2-B6CFA1CAB510}.Release|Any CPU.Build.0 = Release|Any CPU
		{7A7217D1-9C57-4CD0-B575-AD4C73D4F607}.Debug|Any CPU.ActiveCfg = Debug|Any CPU
		{7A7217D1-9C57-4CD0-B575-AD4C73D4F607}.Debug|Any CPU.Build.0 = Debug|Any CPU
		{7A7217D1-9C57-4CD0-B575-AD4C73D4F607}.Release|Any CPU.ActiveCfg = Release|Any CPU
		{7A7217D1-9C57-4CD0-B575-AD4C73D4F607}.Release|Any CPU.Build.0 = Release|Any CPU
		{C01FB3BB-A54D-4C2E-8B11-F9CFDC51EDE4}.Debug|Any CPU.ActiveCfg = Debug|Any CPU
		{C01FB3BB-A54D-4C2E-8B11-F9CFDC51EDE4}.Debug|Any CPU.Build.0 = Debug|Any CPU
		{C01FB3BB-A54D-4C2E-8B11-F9CFDC51EDE4}.Release|Any CPU.ActiveCfg = Release|Any CPU
		{C01FB3BB-A54D-4C2E-8B11-F9CFDC51EDE4}.Release|Any CPU.Build.0 = Release|Any CPU
		{31689F22-155D-4917-87C0-40F0C000ADD3}.Debug|Any CPU.ActiveCfg = Debug|Any CPU
		{31689F22-155D-4917-87C0-40F0C000ADD3}.Debug|Any CPU.Build.0 = Debug|Any CPU
		{31689F22-155D-4917-87C0-40F0C000ADD3}.Release|Any CPU.ActiveCfg = Release|Any CPU
		{31689F22-155D-4917-87C0-40F0C000ADD3}.Release|Any CPU.Build.0 = Release|Any CPU
		{ADC20FE6-E4E1-42CC-8F31-9CCDEDC23BF5}.Debug|Any CPU.ActiveCfg = Debug|Any CPU
		{ADC20FE6-E4E1-42CC-8F31-9CCDEDC23BF5}.Debug|Any CPU.Build.0 = Debug|Any CPU
		{ADC20FE6-E4E1-42CC-8F31-9CCDEDC23BF5}.Release|Any CPU.ActiveCfg = Release|Any CPU
		{ADC20FE6-E4E1-42CC-8F31-9CCDEDC23BF5}.Release|Any CPU.Build.0 = Release|Any CPU
		{DEF1A60C-567D-455C-A5AF-0719B870A720}.Debug|Any CPU.ActiveCfg = Debug|Any CPU
		{DEF1A60C-567D-455C-A5AF-0719B870A720}.Debug|Any CPU.Build.0 = Debug|Any CPU
		{DEF1A60C-567D-455C-A5AF-0719B870A720}.Release|Any CPU.ActiveCfg = Release|Any CPU
		{DEF1A60C-567D-455C-A5AF-0719B870A720}.Release|Any CPU.Build.0 = Release|Any CPU
		{0C52C713-E727-42BE-A42C-B3F3DF4D2958}.Debug|Any CPU.ActiveCfg = Debug|Any CPU
		{0C52C713-E727-42BE-A42C-B3F3DF4D2958}.Debug|Any CPU.Build.0 = Debug|Any CPU
		{0C52C713-E727-42BE-A42C-B3F3DF4D2958}.Release|Any CPU.ActiveCfg = Release|Any CPU
		{0C52C713-E727-42BE-A42C-B3F3DF4D2958}.Release|Any CPU.Build.0 = Release|Any CPU
		{3D7C63A4-A1E2-41BC-9D13-D48D5EAB0123}.Debug|Any CPU.ActiveCfg = Debug|Any CPU
		{3D7C63A4-A1E2-41BC-9D13-D48D5EAB0123}.Debug|Any CPU.Build.0 = Debug|Any CPU
		{3D7C63A4-A1E2-41BC-9D13-D48D5EAB0123}.Release|Any CPU.ActiveCfg = Release|Any CPU
		{3D7C63A4-A1E2-41BC-9D13-D48D5EAB0123}.Release|Any CPU.Build.0 = Release|Any CPU
		{A5AE1530-D5FF-475D-8515-F81122569691}.Debug|Any CPU.ActiveCfg = Debug|Any CPU
		{A5AE1530-D5FF-475D-8515-F81122569691}.Debug|Any CPU.Build.0 = Debug|Any CPU
		{A5AE1530-D5FF-475D-8515-F81122569691}.Release|Any CPU.ActiveCfg = Release|Any CPU
		{A5AE1530-D5FF-475D-8515-F81122569691}.Release|Any CPU.Build.0 = Release|Any CPU
		{74C962E8-F000-48D3-A869-51DFC3DD0670}.Debug|Any CPU.ActiveCfg = Debug|Any CPU
		{74C962E8-F000-48D3-A869-51DFC3DD0670}.Debug|Any CPU.Build.0 = Debug|Any CPU
		{74C962E8-F000-48D3-A869-51DFC3DD0670}.Release|Any CPU.ActiveCfg = Release|Any CPU
		{74C962E8-F000-48D3-A869-51DFC3DD0670}.Release|Any CPU.Build.0 = Release|Any CPU
		{34575257-EDFA-486A-99DB-14951D6DB457}.Debug|Any CPU.ActiveCfg = Debug|Any CPU
		{34575257-EDFA-486A-99DB-14951D6DB457}.Debug|Any CPU.Build.0 = Debug|Any CPU
		{34575257-EDFA-486A-99DB-14951D6DB457}.Release|Any CPU.ActiveCfg = Release|Any CPU
		{34575257-EDFA-486A-99DB-14951D6DB457}.Release|Any CPU.Build.0 = Release|Any CPU
		{740243D3-BA7A-45E3-AEC9-6E531ADC374B}.Debug|Any CPU.ActiveCfg = Debug|Any CPU
		{740243D3-BA7A-45E3-AEC9-6E531ADC374B}.Debug|Any CPU.Build.0 = Debug|Any CPU
		{740243D3-BA7A-45E3-AEC9-6E531ADC374B}.Release|Any CPU.ActiveCfg = Release|Any CPU
		{740243D3-BA7A-45E3-AEC9-6E531ADC374B}.Release|Any CPU.Build.0 = Release|Any CPU
		{28746679-0A13-4F12-9CCB-5F3CBC31A90B}.Debug|Any CPU.ActiveCfg = Debug|Any CPU
		{28746679-0A13-4F12-9CCB-5F3CBC31A90B}.Debug|Any CPU.Build.0 = Debug|Any CPU
		{28746679-0A13-4F12-9CCB-5F3CBC31A90B}.Release|Any CPU.ActiveCfg = Release|Any CPU
		{28746679-0A13-4F12-9CCB-5F3CBC31A90B}.Release|Any CPU.Build.0 = Release|Any CPU
		{EF25B8F4-E03B-4E15-9305-7552AC1C663E}.Debug|Any CPU.ActiveCfg = Debug|Any CPU
		{EF25B8F4-E03B-4E15-9305-7552AC1C663E}.Debug|Any CPU.Build.0 = Debug|Any CPU
		{EF25B8F4-E03B-4E15-9305-7552AC1C663E}.Release|Any CPU.ActiveCfg = Release|Any CPU
		{EF25B8F4-E03B-4E15-9305-7552AC1C663E}.Release|Any CPU.Build.0 = Release|Any CPU
	EndGlobalSection
	GlobalSection(SolutionProperties) = preSolution
		HideSolutionNode = FALSE
	EndGlobalSection
	GlobalSection(NestedProjects) = preSolution
		{FAE19BE9-4A0E-442C-8AB2-264DD15619A3} = {1EB03BEB-5451-494D-B322-977DD9844BF0}
		{2B50BDD3-EE6A-4762-B0E2-B6CFA1CAB510} = {1EB03BEB-5451-494D-B322-977DD9844BF0}
		{7A7217D1-9C57-4CD0-B575-AD4C73D4F607} = {1EB03BEB-5451-494D-B322-977DD9844BF0}
		{C01FB3BB-A54D-4C2E-8B11-F9CFDC51EDE4} = {1EB03BEB-5451-494D-B322-977DD9844BF0}
		{ADC20FE6-E4E1-42CC-8F31-9CCDEDC23BF5} = {1EB03BEB-5451-494D-B322-977DD9844BF0}
		{3D7C63A4-A1E2-41BC-9D13-D48D5EAB0123} = {B7FBF2E6-A8B7-4318-B2FB-004822866738}
		{A5AE1530-D5FF-475D-8515-F81122569691} = {B7FBF2E6-A8B7-4318-B2FB-004822866738}
		{74C962E8-F000-48D3-A869-51DFC3DD0670} = {B7FBF2E6-A8B7-4318-B2FB-004822866738}
		{34575257-EDFA-486A-99DB-14951D6DB457} = {B7FBF2E6-A8B7-4318-B2FB-004822866738}
		{740243D3-BA7A-45E3-AEC9-6E531ADC374B} = {B7FBF2E6-A8B7-4318-B2FB-004822866738}
		{28746679-0A13-4F12-9CCB-5F3CBC31A90B} = {B7FBF2E6-A8B7-4318-B2FB-004822866738}
		{EF25B8F4-E03B-4E15-9305-7552AC1C663E} = {B7FBF2E6-A8B7-4318-B2FB-004822866738}
	EndGlobalSection
	GlobalSection(ExtensibilityGlobals) = postSolution
		SolutionGuid = {9631173F-68BC-4A5E-A5AA-D641BFE32333}
	EndGlobalSection
EndGlobal
